{
  "name": "libsql-stateless-easy",
  "version": "1.2.1",
  "lockfileVersion": 3,
  "requires": true,
  "packages": {
    "": {
      "name": "libsql-stateless-easy",
      "version": "1.2.1",
      "license": "MIT",
      "dependencies": {
        "js-base64": "^3.7.5",
        "libsql-stateless": "^2.6.0"
      },
      "devDependencies": {
        "typescript": "^5.0.0"
      }
    },
    "node_modules/js-base64": {
      "version": "3.7.5",
      "resolved": "https://registry.npmjs.org/js-base64/-/js-base64-3.7.5.tgz",
      "integrity": "sha512-3MEt5DTINKqfScXKfJFrRbxkrnk2AxPWGBL/ycjz4dK8iqiSJ06UxD8jh8xuh6p10TX4t2+7FsBYVxxQbMg+qA=="
    },
    "node_modules/libsql-stateless": {
      "version": "2.6.0",
      "resolved": "https://registry.npmjs.org/libsql-stateless/-/libsql-stateless-2.6.0.tgz",
      "integrity": "sha512-+ENw9hkJ7F1sE1OJ9At+9D4R6FeZ02HmXYvOFd29iAwuHbLLOKyIkr6sCLin0Rl8XLxpupKCjbJBtiLnUXRfVA=="
    },
    "node_modules/typescript": {
      "version": "5.2.2",
      "dev": true,
      "license": "Apache-2.0",
      "bin": {
        "tsc": "bin/tsc",
        "tsserver": "bin/tsserver"
      },
      "engines": {
        "node": ">=14.17"
      }
    }
  }
}
