{
  "name": "libsql-stateless-helper",
  "version": "1.0.0",
  "lockfileVersion": 3,
  "requires": true,
  "packages": {
    "": {
      "name": "libsql-stateless-helper",
      "version": "1.0.0",
      "license": "MIT",
      "dependencies": {
        "libsql-stateless": "^2.5.0"
      },
      "devDependencies": {
        "typescript": "^5.0.0"
      }
    },
    "node_modules/libsql-stateless": {
      "version": "2.5.0",
      "resolved": "https://registry.npmjs.org/libsql-stateless/-/libsql-stateless-2.5.0.tgz",
      "integrity": "sha512-peL2GZGn4QNrGd+g/OB6mc0TYL9XToSXOEAoL7f0wvVDUirZteueNZOm0Ufgc+JGcnDG1VSBh2kLAeR0E+TGJg=="
    },
    "node_modules/typescript": {
      "version": "5.2.2",
      "dev": true,
      "license": "Apache-2.0",
      "bin": {
        "tsc": "bin/tsc",
        "tsserver": "bin/tsserver"
      },
      "engines": {
        "node": ">=14.17"
      }
    }
  }
}
